{
  "version": "3",
  "packages": {
    "specifiers": {
      "jsr:@std/cli@^0.224.6": "jsr:@std/cli@0.224.6",
      "jsr:@std/encoding@1.0.0-rc.2": "jsr:@std/encoding@1.0.0-rc.2",
      "jsr:@std/fmt@^0.225.4": "jsr:@std/fmt@0.225.4",
      "jsr:@std/http@0.224.4": "jsr:@std/http@0.224.4",
      "jsr:@std/media-types@^1.0.0-rc.1": "jsr:@std/media-types@1.0.0-rc.1",
      "jsr:@std/net@^0.224.2": "jsr:@std/net@0.224.2",
      "jsr:@std/path@1.0.0-rc.1": "jsr:@std/path@1.0.0-rc.1",
      "jsr:@std/streams@^0.224.4": "jsr:@std/streams@0.224.4"
    },
    "jsr": {
      "@std/cli@0.224.6": {
        "integrity": "98d7e17a70c1c24980baa2b9a511b29e0a460e7a3b8e3d4e220979d77d5f348e"
      },
      "@std/encoding@1.0.0-rc.2": {
        "integrity": "160d7674a20ebfbccdf610b3801fee91cf6e42d1c106dd46bbaf46e395cd35ef"
      },
      "@std/fmt@0.225.4": {
        "integrity": "584c681cf422b70e28959b57e59012823609c087384cbf12d05f67814797fda3"
      },
      "@std/http@0.224.4": {
        "integrity": "7bcae028e408ab65d6802805ee9a807766c9d20a2959de576126e2f25c17ec04",
        "dependencies": [
          "jsr:@std/cli@^0.224.6",
          "jsr:@std/encoding@1.0.0-rc.2",
          "jsr:@std/fmt@^0.225.4",
          "jsr:@std/media-types@^1.0.0-rc.1",
          "jsr:@std/net@^0.224.2",
          "jsr:@std/path@1.0.0-rc.1",
          "jsr:@std/streams@^0.224.4"
        ]
      },
      "@std/media-types@1.0.0-rc.1": {
        "integrity": "ff3cc8d5b536be2730fc4d446865007faf69bf4d46e7bea426d5e1d9c6ba9053"
      },
      "@std/net@0.224.2": {
        "integrity": "d5b45361e6df59eef9f6a202004fccb0944029f4db524710799d391711fac01f"
      },
      "@std/path@1.0.0-rc.1": {
        "integrity": "b8c00ae2f19106a6bb7cbf1ab9be52aa70de1605daeb2dbdc4f87a7cbaf10ff6"
      },
      "@std/streams@0.224.4": {
        "integrity": "0601626fbab009b4b4a7407009b4af2fe8e3edcd67630ac66ba7f23542b0d7e1"
      }
    }
  },
  "remote": {
    "https://raw.githubusercontent.com/fusionstrings/1729/e414f8f3dbfec2a02d8645d17f59a1c508a76cb2/source/on-listen.ts": "8d0095b90ecde4d9f01b38ff4999565c5c4a6baa045fe4a73f511668cb831643",
    "https://raw.githubusercontent.com/fusionstrings/1729/e980debab8853cc60ad053ab1af575c6ab10be28/source/request-handler.ts": "e87ae2b691e270bb768d2c2d6508854753e513dc56c3b51b0c06b6d67b18f8c7"
  },
  "workspace": {
    "dependencies": [
      "jsr:@std/http@0.224.4",
      "npm:linkedom"
    ]
  }
}
